// !$*UTF8*$!
{
	archiveVersion = 1;
	classes = {
	};
	objectVersion = 55;
	objects = {

/* Begin PBXBuildFile section */
		C7123EEC296016B900B22AFF /* EachPersonItemsHadTableViewController.swift in Sources */ = {isa = PBXBuildFile; fileRef = C7123EEB296016B900B22AFF /* EachPersonItemsHadTableViewController.swift */; };
		C7123EEE29601EE300B22AFF /* EachPersonItemHadTableViewCell.swift in Sources */ = {isa = PBXBuildFile; fileRef = C7123EED29601EE300B22AFF /* EachPersonItemHadTableViewCell.swift */; };
		C7123EF229608A9300B22AFF /* CalculateTableViewController.swift in Sources */ = {isa = PBXBuildFile; fileRef = C7123EF129608A9300B22AFF /* CalculateTableViewController.swift */; };
		C76B9CEF2958C03E00062A5C /* PeopleTableViewController.swift in Sources */ = {isa = PBXBuildFile; fileRef = C76B9CEE2958C03E00062A5C /* PeopleTableViewController.swift */; };
		C76B9CF12958C05200062A5C /* ItemsTableViewController.swift in Sources */ = {isa = PBXBuildFile; fileRef = C76B9CF02958C05200062A5C /* ItemsTableViewController.swift */; };
		C76F7C51295935BA00C89703 /* PeopleTableViewCell.swift in Sources */ = {isa = PBXBuildFile; fileRef = C76F7C50295935BA00C89703 /* PeopleTableViewCell.swift */; };
		C78C472029507F6500745D90 /* AppDelegate.swift in Sources */ = {isa = PBXBuildFile; fileRef = C78C471F29507F6500745D90 /* AppDelegate.swift */; };
		C78C472229507F6500745D90 /* SceneDelegate.swift in Sources */ = {isa = PBXBuildFile; fileRef = C78C472129507F6500745D90 /* SceneDelegate.swift */; };
		C78C472729507F6500745D90 /* Main.storyboard in Resources */ = {isa = PBXBuildFile; fileRef = C78C472529507F6500745D90 /* Main.storyboard */; };
		C78C472929507F6700745D90 /* Assets.xcassets in Resources */ = {isa = PBXBuildFile; fileRef = C78C472829507F6700745D90 /* Assets.xcassets */; };
		C78C472C29507F6700745D90 /* LaunchScreen.storyboard in Resources */ = {isa = PBXBuildFile; fileRef = C78C472A29507F6700745D90 /* LaunchScreen.storyboard */; };
		C78C47342950867600745D90 /* CreatePartyTableViewController.swift in Sources */ = {isa = PBXBuildFile; fileRef = C78C47332950867600745D90 /* CreatePartyTableViewController.swift */; };
		C78C473629508C3500745D90 /* Party.swift in Sources */ = {isa = PBXBuildFile; fileRef = C78C473529508C3500745D90 /* Party.swift */; };
		C78C473829508CFF00745D90 /* Item.swift in Sources */ = {isa = PBXBuildFile; fileRef = C78C473729508CFF00745D90 /* Item.swift */; };
		C78C473A29508D3800745D90 /* Person.swift in Sources */ = {isa = PBXBuildFile; fileRef = C78C473929508D3800745D90 /* Person.swift */; };
		C7BD6FEA295B6B8F002A212C /* ItemsTableViewCell.swift in Sources */ = {isa = PBXBuildFile; fileRef = C7BD6FE9295B6B8E002A212C /* ItemsTableViewCell.swift */; };
		C7E006852968629800BF3645 /* BeginViewController.swift in Sources */ = {isa = PBXBuildFile; fileRef = C7E006842968629800BF3645 /* BeginViewController.swift */; };
/* End PBXBuildFile section */

/* Begin PBXFileReference section */
		C7123EEB296016B900B22AFF /* EachPersonItemsHadTableViewController.swift */ = {isa = PBXFileReference; lastKnownFileType = sourcecode.swift; path = EachPersonItemsHadTableViewController.swift; sourceTree = "<group>"; };
		C7123EED29601EE300B22AFF /* EachPersonItemHadTableViewCell.swift */ = {isa = PBXFileReference; lastKnownFileType = sourcecode.swift; path = EachPersonItemHadTableViewCell.swift; sourceTree = "<group>"; };
		C7123EF129608A9300B22AFF /* CalculateTableViewController.swift */ = {isa = PBXFileReference; lastKnownFileType = sourcecode.swift; path = CalculateTableViewController.swift; sourceTree = "<group>"; };
		C76B9CEE2958C03E00062A5C /* PeopleTableViewController.swift */ = {isa = PBXFileReference; lastKnownFileType = sourcecode.swift; path = PeopleTableViewController.swift; sourceTree = "<group>"; };
		C76B9CF02958C05200062A5C /* ItemsTableViewController.swift */ = {isa = PBXFileReference; lastKnownFileType = sourcecode.swift; path = ItemsTableViewController.swift; sourceTree = "<group>"; };
		C76F7C50295935BA00C89703 /* PeopleTableViewCell.swift */ = {isa = PBXFileReference; lastKnownFileType = sourcecode.swift; path = PeopleTableViewCell.swift; sourceTree = "<group>"; };
		C78C471C29507F6500745D90 /* Fiesta.app */ = {isa = PBXFileReference; explicitFileType = wrapper.application; includeInIndex = 0; path = Fiesta.app; sourceTree = BUILT_PRODUCTS_DIR; };
		C78C471F29507F6500745D90 /* AppDelegate.swift */ = {isa = PBXFileReference; lastKnownFileType = sourcecode.swift; path = AppDelegate.swift; sourceTree = "<group>"; };
		C78C472129507F6500745D90 /* SceneDelegate.swift */ = {isa = PBXFileReference; lastKnownFileType = sourcecode.swift; path = SceneDelegate.swift; sourceTree = "<group>"; };
		C78C472629507F6500745D90 /* Base */ = {isa = PBXFileReference; lastKnownFileType = file.storyboard; name = Base; path = Base.lproj/Main.storyboard; sourceTree = "<group>"; };
		C78C472829507F6700745D90 /* Assets.xcassets */ = {isa = PBXFileReference; lastKnownFileType = folder.assetcatalog; path = Assets.xcassets; sourceTree = "<group>"; };
		C78C472B29507F6700745D90 /* Base */ = {isa = PBXFileReference; lastKnownFileType = file.storyboard; name = Base; path = Base.lproj/LaunchScreen.storyboard; sourceTree = "<group>"; };
		C78C472D29507F6700745D90 /* Info.plist */ = {isa = PBXFileReference; lastKnownFileType = text.plist.xml; path = Info.plist; sourceTree = "<group>"; };
		C78C47332950867600745D90 /* CreatePartyTableViewController.swift */ = {isa = PBXFileReference; lastKnownFileType = sourcecode.swift; path = CreatePartyTableViewController.swift; sourceTree = "<group>"; };
		C78C473529508C3500745D90 /* Party.swift */ = {isa = PBXFileReference; lastKnownFileType = sourcecode.swift; path = Party.swift; sourceTree = "<group>"; };
		C78C473729508CFF00745D90 /* Item.swift */ = {isa = PBXFileReference; lastKnownFileType = sourcecode.swift; path = Item.swift; sourceTree = "<group>"; };
		C78C473929508D3800745D90 /* Person.swift */ = {isa = PBXFileReference; lastKnownFileType = sourcecode.swift; path = Person.swift; sourceTree = "<group>"; };
		C7BD6FE9295B6B8E002A212C /* ItemsTableViewCell.swift */ = {isa = PBXFileReference; lastKnownFileType = sourcecode.swift; path = ItemsTableViewCell.swift; sourceTree = "<group>"; };
		C7E006842968629800BF3645 /* BeginViewController.swift */ = {isa = PBXFileReference; lastKnownFileType = sourcecode.swift; path = BeginViewController.swift; sourceTree = "<group>"; };
/* End PBXFileReference section */

/* Begin PBXFrameworksBuildPhase section */
		C78C471929507F6500745D90 /* Frameworks */ = {
			isa = PBXFrameworksBuildPhase;
			buildActionMask = 2147483647;
			files = (
			);
			runOnlyForDeploymentPostprocessing = 0;
		};
/* End PBXFrameworksBuildPhase section */

/* Begin PBXGroup section */
		C78C471329507F6500745D90 = {
			isa = PBXGroup;
			children = (
				C78C471E29507F6500745D90 /* Fiesta */,
				C78C471D29507F6500745D90 /* Products */,
			);
			sourceTree = "<group>";
		};
		C78C471D29507F6500745D90 /* Products */ = {
			isa = PBXGroup;
			children = (
				C78C471C29507F6500745D90 /* Fiesta.app */,
			);
			name = Products;
			sourceTree = "<group>";
		};
		C78C471E29507F6500745D90 /* Fiesta */ = {
			isa = PBXGroup;
			children = (
				C78C471F29507F6500745D90 /* AppDelegate.swift */,
				C78C472129507F6500745D90 /* SceneDelegate.swift */,
				C78C472529507F6500745D90 /* Main.storyboard */,
				C78C472829507F6700745D90 /* Assets.xcassets */,
				C78C472A29507F6700745D90 /* LaunchScreen.storyboard */,
				C78C472D29507F6700745D90 /* Info.plist */,
				C7E006842968629800BF3645 /* BeginViewController.swift */,
				C78C473529508C3500745D90 /* Party.swift */,
				C78C473929508D3800745D90 /* Person.swift */,
				C78C473729508CFF00745D90 /* Item.swift */,
				C78C47332950867600745D90 /* CreatePartyTableViewController.swift */,
				C76B9CEE2958C03E00062A5C /* PeopleTableViewController.swift */,
				C76F7C50295935BA00C89703 /* PeopleTableViewCell.swift */,
				C76B9CF02958C05200062A5C /* ItemsTableViewController.swift */,
				C7BD6FE9295B6B8E002A212C /* ItemsTableViewCell.swift */,
				C7123EEB296016B900B22AFF /* EachPersonItemsHadTableViewController.swift */,
				C7123EED29601EE300B22AFF /* EachPersonItemHadTableViewCell.swift */,
				C7123EF129608A9300B22AFF /* CalculateTableViewController.swift */,
			);
			path = Fiesta;
			sourceTree = "<group>";
		};
/* End PBXGroup section */

/* Begin PBXNativeTarget section */
		C78C471B29507F6500745D90 /* Fiesta */ = {
			isa = PBXNativeTarget;
			buildConfigurationList = C78C473029507F6700745D90 /* Build configuration list for PBXNativeTarget "Fiesta" */;
			buildPhases = (
				C78C471829507F6500745D90 /* Sources */,
				C78C471929507F6500745D90 /* Frameworks */,
				C78C471A29507F6500745D90 /* Resources */,
			);
			buildRules = (
			);
			dependencies = (
			);
			name = Fiesta;
			productName = Fiesta;
			productReference = C78C471C29507F6500745D90 /* Fiesta.app */;
			productType = "com.apple.product-type.application";
		};
/* End PBXNativeTarget section */

/* Begin PBXProject section */
		C78C471429507F6500745D90 /* Project object */ = {
			isa = PBXProject;
			attributes = {
				BuildIndependentTargetsInParallel = 1;
				LastSwiftUpdateCheck = 1320;
				LastUpgradeCheck = 1320;
				TargetAttributes = {
					C78C471B29507F6500745D90 = {
						CreatedOnToolsVersion = 13.2.1;
					};
				};
			};
			buildConfigurationList = C78C471729507F6500745D90 /* Build configuration list for PBXProject "Fiesta" */;
			compatibilityVersion = "Xcode 13.0";
			developmentRegion = en;
			hasScannedForEncodings = 0;
			knownRegions = (
				en,
				Base,
			);
			mainGroup = C78C471329507F6500745D90;
			productRefGroup = C78C471D29507F6500745D90 /* Products */;
			projectDirPath = "";
			projectRoot = "";
			targets = (
				C78C471B29507F6500745D90 /* Fiesta */,
			);
		};
/* End PBXProject section */

/* Begin PBXResourcesBuildPhase section */
		C78C471A29507F6500745D90 /* Resources */ = {
			isa = PBXResourcesBuildPhase;
			buildActionMask = 2147483647;
			files = (
				C78C472C29507F6700745D90 /* LaunchScreen.storyboard in Resources */,
				C78C472929507F6700745D90 /* Assets.xcassets in Resources */,
				C78C472729507F6500745D90 /* Main.storyboard in Resources */,
			);
			runOnlyForDeploymentPostprocessing = 0;
		};
/* End PBXResourcesBuildPhase section */

/* Begin PBXSourcesBuildPhase section */
		C78C471829507F6500745D90 /* Sources */ = {
			isa = PBXSourcesBuildPhase;
			buildActionMask = 2147483647;
			files = (
				C7123EEE29601EE300B22AFF /* EachPersonItemHadTableViewCell.swift in Sources */,
				C78C473A29508D3800745D90 /* Person.swift in Sources */,
				C78C473829508CFF00745D90 /* Item.swift in Sources */,
				C76B9CF12958C05200062A5C /* ItemsTableViewController.swift in Sources */,
				C7123EF229608A9300B22AFF /* CalculateTableViewController.swift in Sources */,
				C78C47342950867600745D90 /* CreatePartyTableViewController.swift in Sources */,
				C78C472029507F6500745D90 /* AppDelegate.swift in Sources */,
				C78C473629508C3500745D90 /* Party.swift in Sources */,
				C7BD6FEA295B6B8F002A212C /* ItemsTableViewCell.swift in Sources */,
				C7123EEC296016B900B22AFF /* EachPersonItemsHadTableViewController.swift in Sources */,
				C76B9CEF2958C03E00062A5C /* PeopleTableViewController.swift in Sources */,
				C76F7C51295935BA00C89703 /* PeopleTableViewCell.swift in Sources */,
				C7E006852968629800BF3645 /* BeginViewController.swift in Sources */,
				C78C472229507F6500745D90 /* SceneDelegate.swift in Sources */,
			);
			runOnlyForDeploymentPostprocessing = 0;
		};
/* End PBXSourcesBuildPhase section */

/* Begin PBXVariantGroup section */
		C78C472529507F6500745D90 /* Main.storyboard */ = {
			isa = PBXVariantGroup;
			children = (
				C78C472629507F6500745D90 /* Base */,
			);
			name = Main.storyboard;
			sourceTree = "<group>";
		};
		C78C472A29507F6700745D90 /* LaunchScreen.storyboard */ = {
			isa = PBXVariantGroup;
			children = (
				C78C472B29507F6700745D90 /* Base */,
			);
			name = LaunchScreen.storyboard;
			sourceTree = "<group>";
		};
/* End PBXVariantGroup section */

/* Begin XCBuildConfiguration section */
		C78C472E29507F6700745D90 /* Debug */ = {
			isa = XCBuildConfiguration;
			buildSettings = {
				ALWAYS_SEARCH_USER_PATHS = NO;
				CLANG_ANALYZER_NONNULL = YES;
				CLANG_ANALYZER_NUMBER_OBJECT_CONVERSION = YES_AGGRESSIVE;
				CLANG_CXX_LANGUAGE_STANDARD = "gnu++17";
				CLANG_CXX_LIBRARY = "libc++";
				CLANG_ENABLE_MODULES = YES;
				CLANG_ENABLE_OBJC_ARC = YES;
				CLANG_ENABLE_OBJC_WEAK = YES;
				CLANG_WARN_BLOCK_CAPTURE_AUTORELEASING = YES;
				CLANG_WARN_BOOL_CONVERSION = YES;
				CLANG_WARN_COMMA = YES;
				CLANG_WARN_CONSTANT_CONVERSION = YES;
				CLANG_WARN_DEPRECATED_OBJC_IMPLEMENTATIONS = YES;
				CLANG_WARN_DIRECT_OBJC_ISA_USAGE = YES_ERROR;
				CLANG_WARN_DOCUMENTATION_COMMENTS = YES;
				CLANG_WARN_EMPTY_BODY = YES;
				CLANG_WARN_ENUM_CONVERSION = YES;
				CLANG_WARN_INFINITE_RECURSION = YES;
				CLANG_WARN_INT_CONVERSION = YES;
				CLANG_WARN_NON_LITERAL_NULL_CONVERSION = YES;
				CLANG_WARN_OBJC_IMPLICIT_RETAIN_SELF = YES;
				CLANG_WARN_OBJC_LITERAL_CONVERSION = YES;
				CLANG_WARN_OBJC_ROOT_CLASS = YES_ERROR;
				CLANG_WARN_QUOTED_INCLUDE_IN_FRAMEWORK_HEADER = YES;
				CLANG_WARN_RANGE_LOOP_ANALYSIS = YES;
				CLANG_WARN_STRICT_PROTOTYPES = YES;
				CLANG_WARN_SUSPICIOUS_MOVE = YES;
				CLANG_WARN_UNGUARDED_AVAILABILITY = YES_AGGRESSIVE;
				CLANG_WARN_UNREACHABLE_CODE = YES;
				CLANG_WARN__DUPLICATE_METHOD_MATCH = YES;
				COPY_PHASE_STRIP = NO;
				DEBUG_INFORMATION_FORMAT = dwarf;
				ENABLE_STRICT_OBJC_MSGSEND = YES;
				ENABLE_TESTABILITY = YES;
				GCC_C_LANGUAGE_STANDARD = gnu11;
				GCC_DYNAMIC_NO_PIC = NO;
				GCC_NO_COMMON_BLOCKS = YES;
				GCC_OPTIMIZATION_LEVEL = 0;
				GCC_PREPROCESSOR_DEFINITIONS = (
					"DEBUG=1",
					"$(inherited)",
				);
				GCC_WARN_64_TO_32_BIT_CONVERSION = YES;
				GCC_WARN_ABOUT_RETURN_TYPE = YES_ERROR;
				GCC_WARN_UNDECLARED_SELECTOR = YES;
				GCC_WARN_UNINITIALIZED_AUTOS = YES_AGGRESSIVE;
				GCC_WARN_UNUSED_FUNCTION = YES;
				GCC_WARN_UNUSED_VARIABLE = YES;
				IPHONEOS_DEPLOYMENT_TARGET = 15.2;
				MTL_ENABLE_DEBUG_INFO = INCLUDE_SOURCE;
				MTL_FAST_MATH = YES;
				ONLY_ACTIVE_ARCH = YES;
				SDKROOT = iphoneos;
				SWIFT_ACTIVE_COMPILATION_CONDITIONS = DEBUG;
				SWIFT_OPTIMIZATION_LEVEL = "-Onone";
			};
			name = Debug;
		};
		C78C472F29507F6700745D90 /* Release */ = {
			isa = XCBuildConfiguration;
			buildSettings = {
				ALWAYS_SEARCH_USER_PATHS = NO;
				CLANG_ANALYZER_NONNULL = YES;
				CLANG_ANALYZER_NUMBER_OBJECT_CONVERSION = YES_AGGRESSIVE;
				CLANG_CXX_LANGUAGE_STANDARD = "gnu++17";
				CLANG_CXX_LIBRARY = "libc++";
				CLANG_ENABLE_MODULES = YES;
				CLANG_ENABLE_OBJC_ARC = YES;
				CLANG_ENABLE_OBJC_WEAK = YES;
				CLANG_WARN_BLOCK_CAPTURE_AUTORELEASING = YES;
				CLANG_WARN_BOOL_CONVERSION = YES;
				CLANG_WARN_COMMA = YES;
				CLANG_WARN_CONSTANT_CONVERSION = YES;
				CLANG_WARN_DEPRECATED_OBJC_IMPLEMENTATIONS = YES;
				CLANG_WARN_DIRECT_OBJC_ISA_USAGE = YES_ERROR;
				CLANG_WARN_DOCUMENTATION_COMMENTS = YES;
				CLANG_WARN_EMPTY_BODY = YES;
				CLANG_WARN_ENUM_CONVERSION = YES;
				CLANG_WARN_INFINITE_RECURSION = YES;
				CLANG_WARN_INT_CONVERSION = YES;
				CLANG_WARN_NON_LITERAL_NULL_CONVERSION = YES;
				CLANG_WARN_OBJC_IMPLICIT_RETAIN_SELF = YES;
				CLANG_WARN_OBJC_LITERAL_CONVERSION = YES;
				CLANG_WARN_OBJC_ROOT_CLASS = YES_ERROR;
				CLANG_WARN_QUOTED_INCLUDE_IN_FRAMEWORK_HEADER = YES;
				CLANG_WARN_RANGE_LOOP_ANALYSIS = YES;
				CLANG_WARN_STRICT_PROTOTYPES = YES;
				CLANG_WARN_SUSPICIOUS_MOVE = YES;
				CLANG_WARN_UNGUARDED_AVAILABILITY = YES_AGGRESSIVE;
				CLANG_WARN_UNREACHABLE_CODE = YES;
				CLANG_WARN__DUPLICATE_METHOD_MATCH = YES;
				COPY_PHASE_STRIP = NO;
				DEBUG_INFORMATION_FORMAT = "dwarf-with-dsym";
				ENABLE_NS_ASSERTIONS = NO;
				ENABLE_STRICT_OBJC_MSGSEND = YES;
				GCC_C_LANGUAGE_STANDARD = gnu11;
				GCC_NO_COMMON_BLOCKS = YES;
				GCC_WARN_64_TO_32_BIT_CONVERSION = YES;
				GCC_WARN_ABOUT_RETURN_TYPE = YES_ERROR;
				GCC_WARN_UNDECLARED_SELECTOR = YES;
				GCC_WARN_UNINITIALIZED_AUTOS = YES_AGGRESSIVE;
				GCC_WARN_UNUSED_FUNCTION = YES;
				GCC_WARN_UNUSED_VARIABLE = YES;
				IPHONEOS_DEPLOYMENT_TARGET = 15.2;
				MTL_ENABLE_DEBUG_INFO = NO;
				MTL_FAST_MATH = YES;
				SDKROOT = iphoneos;
				SWIFT_COMPILATION_MODE = wholemodule;
				SWIFT_OPTIMIZATION_LEVEL = "-O";
				VALIDATE_PRODUCT = YES;
			};
			name = Release;
		};
		C78C473129507F6700745D90 /* Debug */ = {
			isa = XCBuildConfiguration;
			buildSettings = {
				ASSETCATALOG_COMPILER_APPICON_NAME = AppIcon;
				ASSETCATALOG_COMPILER_GLOBAL_ACCENT_COLOR_NAME = AccentColor;
				CODE_SIGN_STYLE = Automatic;
				CURRENT_PROJECT_VERSION = 1;
				DEVELOPMENT_TEAM = 255PJ663UF;
				GENERATE_INFOPLIST_FILE = YES;
				INFOPLIST_FILE = Fiesta/Info.plist;
				INFOPLIST_KEY_UIApplicationSupportsIndirectInputEvents = YES;
				INFOPLIST_KEY_UILaunchStoryboardName = LaunchScreen;
				INFOPLIST_KEY_UIMainStoryboardFile = Main;
				INFOPLIST_KEY_UISupportedInterfaceOrientations_iPad = "UIInterfaceOrientationPortrait UIInterfaceOrientationPortraitUpsideDown UIInterfaceOrientationLandscapeLeft UIInterfaceOrientationLandscapeRight";
				INFOPLIST_KEY_UISupportedInterfaceOrientations_iPhone = "UIInterfaceOrientationPortrait UIInterfaceOrientationLandscapeLeft UIInterfaceOrientationLandscapeRight";
				IPHONEOS_DEPLOYMENT_TARGET = 15.6;
				LD_RUNPATH_SEARCH_PATHS = (
					"$(inherited)",
					"@executable_path/Frameworks",
				);
				MARKETING_VERSION = 1.0;
				PRODUCT_BUNDLE_IDENTIFIER = sanjeevrm.Fiesta;
				PRODUCT_NAME = "$(TARGET_NAME)";
				SWIFT_EMIT_LOC_STRINGS = YES;
				SWIFT_VERSION = 5.0;
				TARGETED_DEVICE_FAMILY = "1,2";
			};
			name = Debug;
		};
		C78C473229507F6700745D90 /* Release */ = {
			isa = XCBuildConfiguration;
			buildSettings = {
				ASSETCATALOG_COMPILER_APPICON_NAME = AppIcon;
				ASSETCATALOG_COMPILER_GLOBAL_ACCENT_COLOR_NAME = AccentColor;
				CODE_SIGN_STYLE = Automatic;
				CURRENT_PROJECT_VERSION = 1;
				DEVELOPMENT_TEAM = 255PJ663UF;
				GENERATE_INFOPLIST_FILE = YES;
				INFOPLIST_FILE = Fiesta/Info.plist;
				INFOPLIST_KEY_UIApplicationSupportsIndirectInputEvents = YES;
				INFOPLIST_KEY_UILaunchStoryboardName = LaunchScreen;
				INFOPLIST_KEY_UIMainStoryboardFile = Main;
				INFOPLIST_KEY_UISupportedInterfaceOrientations_iPad = "UIInterfaceOrientationPortrait UIInterfaceOrientationPortraitUpsideDown UIInterfaceOrientationLandscapeLeft UIInterfaceOrientationLandscapeRight";
				INFOPLIST_KEY_UISupportedInterfaceOrientations_iPhone = "UIInterfaceOrientationPortrait UIInterfaceOrientationLandscapeLeft UIInterfaceOrientationLandscapeRight";
				IPHONEOS_DEPLOYMENT_TARGET = 15.6;
				LD_RUNPATH_SEARCH_PATHS = (
					"$(inherited)",
					"@executable_path/Frameworks",
				);
				MARKETING_VERSION = 1.0;
				PRODUCT_BUNDLE_IDENTIFIER = sanjeevrm.Fiesta;
				PRODUCT_NAME = "$(TARGET_NAME)";
				SWIFT_EMIT_LOC_STRINGS = YES;
				SWIFT_VERSION = 5.0;
				TARGETED_DEVICE_FAMILY = "1,2";
			};
			name = Release;
		};
/* End XCBuildConfiguration section */

/* Begin XCConfigurationList section */
		C78C471729507F6500745D90 /* Build configuration list for PBXProject "Fiesta" */ = {
			isa = XCConfigurationList;
			buildConfigurations = (
				C78C472E29507F6700745D90 /* Debug */,
				C78C472F29507F6700745D90 /* Release */,
			);
			defaultConfigurationIsVisible = 0;
			defaultConfigurationName = Release;
		};
		C78C473029507F6700745D90 /* Build configuration list for PBXNativeTarget "Fiesta" */ = {
			isa = XCConfigurationList;
			buildConfigurations = (
				C78C473129507F6700745D90 /* Debug */,
				C78C473229507F6700745D90 /* Release */,
			);
			defaultConfigurationIsVisible = 0;
			defaultConfigurationName = Release;
		};
/* End XCConfigurationList section */
	};
	rootObject = C78C471429507F6500745D90 /* Project object */;
}
